
Microsoft Visual Studio Solution File, Format Version 12.00
# Visual Studio Version 17
VisualStudioVersion = 17.13.35931.197 d17.13
MinimumVisualStudioVersion = 10.0.40219.1
Project("{FAE04EC0-301F-11D3-BF4B-00C04F79EFBC}") = "TravelDataAccess", "TravelDataAccess\TravelDataAccess.csproj", "{A186F69B-BD9F-4C60-9B66-3E178B5F047C}"
EndProject
Project("{FAE04EC0-301F-11D3-BF4B-00C04F79EFBC}") = "TravelManagementApp", "TravelManagementApp\TravelManagementApp.csproj", "{AF3419D2-07AA-4D76-AC0A-7633C6060445}"
EndProject
Global
	GlobalSection(SolutionConfigurationPlatforms) = preSolution
		Debug|Any CPU = Debug|Any CPU
		Release|Any CPU = Release|Any CPU
	EndGlobalSection
	GlobalSection(ProjectConfigurationPlatforms) = postSolution
		{A186F69B-BD9F-4C60-9B66-3E178B5F047C}.Debug|Any CPU.ActiveCfg = Debug|Any CPU
		{A186F69B-BD9F-4C60-9B66-3E178B5F047C}.Debug|Any CPU.Build.0 = Debug|Any CPU
		{A186F69B-BD9F-4C60-9B66-3E178B5F047C}.Release|Any CPU.ActiveCfg = Release|Any CPU
		{A186F69B-BD9F-4C60-9B66-3E178B5F047C}.Release|Any CPU.Build.0 = Release|Any CPU
		{AF3419D2-07AA-4D76-AC0A-7633C6060445}.Debug|Any CPU.ActiveCfg = Debug|Any CPU
		{AF3419D2-07AA-4D76-AC0A-7633C6060445}.Debug|Any CPU.Build.0 = Debug|Any CPU
		{AF3419D2-07AA-4D76-AC0A-7633C6060445}.Release|Any CPU.ActiveCfg = Release|Any CPU
		{AF3419D2-07AA-4D76-AC0A-7633C6060445}.Release|Any CPU.Build.0 = Release|Any CPU
	EndGlobalSection
	GlobalSection(SolutionProperties) = preSolution
		HideSolutionNode = FALSE
	EndGlobalSection
	GlobalSection(ExtensibilityGlobals) = postSolution
		SolutionGuid = {06C3F1F2-D9D9-4D9A-8C71-A7D7AEBA1A71}
	EndGlobalSection
EndGlobal
